
Microsoft Visual Studio Solution File, Format Version 12.00
# Visual Studio Version 17
VisualStudioVersion = 17.9.34616.47
MinimumVisualStudioVersion = 10.0.40219.1
Project("{8BC9CEB8-8B4A-11D0-8D11-00A0C91BC942}") = "struct1", "struct1\struct1.vcxproj", "{1AC14636-9CED-41CA-8265-592811A47612}"
EndProject
Project("{8BC9CEB8-8B4A-11D0-8D11-00A0C91BC942}") = "activity2", "activity2\activity2.vcxproj", "{2AE7059F-DA0A-40D6-983B-D68A6F91AB3E}"
EndProject
Project("{8BC9CEB8-8B4A-11D0-8D11-00A0C91BC942}") = "activity3", "activity3\activity3.vcxproj", "{F4EE4030-02BD-40EA-B255-F087365C94A5}"
EndProject
Project("{8BC9CEB8-8B4A-11D0-8D11-00A0C91BC942}") = "activity4", "activity4\activity4.vcxproj", "{A8B51570-284D-4A4A-8623-B6CB2DDDBCBD}"
EndProject
Global
	GlobalSection(SolutionConfigurationPlatforms) = preSolution
		Debug|x64 = Debug|x64
		Debug|x86 = Debug|x86
		Release|x64 = Release|x64
		Release|x86 = Release|x86
	EndGlobalSection
	GlobalSection(ProjectConfigurationPlatforms) = postSolution
		{1AC14636-9CED-41CA-8265-592811A47612}.Debug|x64.ActiveCfg = Debug|x64
		{1AC14636-9CED-41CA-8265-592811A47612}.Debug|x64.Build.0 = Debug|x64
		{1AC14636-9CED-41CA-8265-592811A47612}.Debug|x86.ActiveCfg = Debug|Win32
		{1AC14636-9CED-41CA-8265-592811A47612}.Debug|x86.Build.0 = Debug|Win32
		{1AC14636-9CED-41CA-8265-592811A47612}.Release|x64.ActiveCfg = Release|x64
		{1AC14636-9CED-41CA-8265-592811A47612}.Release|x64.Build.0 = Release|x64
		{1AC14636-9CED-41CA-8265-592811A47612}.Release|x86.ActiveCfg = Release|Win32
		{1AC14636-9CED-41CA-8265-592811A47612}.Release|x86.Build.0 = Release|Win32
		{2AE7059F-DA0A-40D6-983B-D68A6F91AB3E}.Debug|x64.ActiveCfg = Debug|x64
		{2AE7059F-DA0A-40D6-983B-D68A6F91AB3E}.Debug|x64.Build.0 = Debug|x64
		{2AE7059F-DA0A-40D6-983B-D68A6F91AB3E}.Debug|x86.ActiveCfg = Debug|Win32
		{2AE7059F-DA0A-40D6-983B-D68A6F91AB3E}.Debug|x86.Build.0 = Debug|Win32
		{2AE7059F-DA0A-40D6-983B-D68A6F91AB3E}.Release|x64.ActiveCfg = Release|x64
		{2AE7059F-DA0A-40D6-983B-D68A6F91AB3E}.Release|x64.Build.0 = Release|x64
		{2AE7059F-DA0A-40D6-983B-D68A6F91AB3E}.Release|x86.ActiveCfg = Release|Win32
		{2AE7059F-DA0A-40D6-983B-D68A6F91AB3E}.Release|x86.Build.0 = Release|Win32
		{F4EE4030-02BD-40EA-B255-F087365C94A5}.Debug|x64.ActiveCfg = Debug|x64
		{F4EE4030-02BD-40EA-B255-F087365C94A5}.Debug|x64.Build.0 = Debug|x64
		{F4EE4030-02BD-40EA-B255-F087365C94A5}.Debug|x86.ActiveCfg = Debug|Win32
		{F4EE4030-02BD-40EA-B255-F087365C94A5}.Debug|x86.Build.0 = Debug|Win32
		{F4EE4030-02BD-40EA-B255-F087365C94A5}.Release|x64.ActiveCfg = Release|x64
		{F4EE4030-02BD-40EA-B255-F087365C94A5}.Release|x64.Build.0 = Release|x64
		{F4EE4030-02BD-40EA-B255-F087365C94A5}.Release|x86.ActiveCfg = Release|Win32
		{F4EE4030-02BD-40EA-B255-F087365C94A5}.Release|x86.Build.0 = Release|Win32
		{A8B51570-284D-4A4A-8623-B6CB2DDDBCBD}.Debug|x64.ActiveCfg = Debug|x64
		{A8B51570-284D-4A4A-8623-B6CB2DDDBCBD}.Debug|x64.Build.0 = Debug|x64
		{A8B51570-284D-4A4A-8623-B6CB2DDDBCBD}.Debug|x86.ActiveCfg = Debug|Win32
		{A8B51570-284D-4A4A-8623-B6CB2DDDBCBD}.Debug|x86.Build.0 = Debug|Win32
		{A8B51570-284D-4A4A-8623-B6CB2DDDBCBD}.Release|x64.ActiveCfg = Release|x64
		{A8B51570-284D-4A4A-8623-B6CB2DDDBCBD}.Release|x64.Build.0 = Release|x64
		{A8B51570-284D-4A4A-8623-B6CB2DDDBCBD}.Release|x86.ActiveCfg = Release|Win32
		{A8B51570-284D-4A4A-8623-B6CB2DDDBCBD}.Release|x86.Build.0 = Release|Win32
	EndGlobalSection
	GlobalSection(SolutionProperties) = preSolution
		HideSolutionNode = FALSE
	EndGlobalSection
	GlobalSection(ExtensibilityGlobals) = postSolution
		SolutionGuid = {295EAE6A-6B85-49CA-8499-AD666E0B223D}
	EndGlobalSection
EndGlobal
